
Microsoft Visual Studio Solution File, Format Version 12.00
# Visual Studio Version 16
VisualStudioVersion = 25.0.1706.5
MinimumVisualStudioVersion = 10.0.40219.1
Project("{FAE04EC0-301F-11D3-BF4B-00C04F79EFBC}") = "AutoTrader", "AutoTrader\AutoTrader.csproj", "{F3CA3595-671C-4EBD-B615-13CF8CDBB1A7}"
EndProject
Project("{FAE04EC0-301F-11D3-BF4B-00C04F79EFBC}") = "MVC", "MVC\MVC.csproj", "{53EA812B-130A-4BEF-B671-ADAD4C343372}"
EndProject
Project("{FAE04EC0-301F-11D3-BF4B-00C04F79EFBC}") = "OrderEntry", "OrderEntry\OrderEntry.csproj", "{D210FCD3-BC08-43CD-BC94-824731ADA6BA}"
EndProject
Project("{FAE04EC0-301F-11D3-BF4B-00C04F79EFBC}") = "Importer", "Importer\Importer.csproj", "{2ADD9725-9FFB-4CE5-AAA2-4496F1D4480D}"
EndProject
Global
	GlobalSection(SolutionConfigurationPlatforms) = preSolution
		Debug|Any CPU = Debug|Any CPU
		Release|Any CPU = Release|Any CPU
	EndGlobalSection
	GlobalSection(ProjectConfigurationPlatforms) = postSolution
		{F3CA3595-671C-4EBD-B615-13CF8CDBB1A7}.Debug|Any CPU.ActiveCfg = Debug|Any CPU
		{F3CA3595-671C-4EBD-B615-13CF8CDBB1A7}.Debug|Any CPU.Build.0 = Debug|Any CPU
		{F3CA3595-671C-4EBD-B615-13CF8CDBB1A7}.Release|Any CPU.ActiveCfg = Release|Any CPU
		{F3CA3595-671C-4EBD-B615-13CF8CDBB1A7}.Release|Any CPU.Build.0 = Release|Any CPU
		{53EA812B-130A-4BEF-B671-ADAD4C343372}.Debug|Any CPU.ActiveCfg = Debug|Any CPU
		{53EA812B-130A-4BEF-B671-ADAD4C343372}.Debug|Any CPU.Build.0 = Debug|Any CPU
		{53EA812B-130A-4BEF-B671-ADAD4C343372}.Release|Any CPU.ActiveCfg = Release|Any CPU
		{53EA812B-130A-4BEF-B671-ADAD4C343372}.Release|Any CPU.Build.0 = Release|Any CPU
		{D210FCD3-BC08-43CD-BC94-824731ADA6BA}.Debug|Any CPU.ActiveCfg = Debug|Any CPU
		{D210FCD3-BC08-43CD-BC94-824731ADA6BA}.Debug|Any CPU.Build.0 = Debug|Any CPU
		{D210FCD3-BC08-43CD-BC94-824731ADA6BA}.Release|Any CPU.ActiveCfg = Release|Any CPU
		{D210FCD3-BC08-43CD-BC94-824731ADA6BA}.Release|Any CPU.Build.0 = Release|Any CPU
		{2ADD9725-9FFB-4CE5-AAA2-4496F1D4480D}.Debug|Any CPU.ActiveCfg = Debug|Any CPU
		{2ADD9725-9FFB-4CE5-AAA2-4496F1D4480D}.Debug|Any CPU.Build.0 = Debug|Any CPU
		{2ADD9725-9FFB-4CE5-AAA2-4496F1D4480D}.Release|Any CPU.ActiveCfg = Release|Any CPU
		{2ADD9725-9FFB-4CE5-AAA2-4496F1D4480D}.Release|Any CPU.Build.0 = Release|Any CPU
	EndGlobalSection
	GlobalSection(SolutionProperties) = preSolution
		HideSolutionNode = FALSE
	EndGlobalSection
	GlobalSection(ExtensibilityGlobals) = postSolution
		SolutionGuid = {96988AE7-2255-4890-AEA9-88A62EB8C5C4}
	EndGlobalSection
EndGlobal
